Microsoft Visual Studio Solution File, Format Version 12.00
# Visual Studio Version 17
VisualStudioVersion = 17.5.2.0
MinimumVisualStudioVersion = 10.0.40219.1
Project("{FAE04EC0-301F-11D3-BF4B-00C04F79EFBC}") = "Application.IntegrationTest", "Application.IntegrationTest\Application.IntegrationTest.csproj", "{A81FE53F-A69E-0B74-E00D-A49BA7DA1B86}"
EndProject
Project("{FAE04EC0-301F-11D3-BF4B-00C04F79EFBC}") = "Application.UnitTest", "Application.UnitTest\Application.UnitTest.csproj", "{2D7C231C-68D7-72A4-485A-BCDB18F5413F}"
EndProject
Project("{FAE04EC0-301F-11D3-BF4B-00C04F79EFBC}") = "WebApp.IntegrationTest", "WebApp.IntegrationTest\WebApp.IntegrationTest.csproj", "{FBE7601E-0759-9619-10F3-84D87BFF08E5}"
EndProject
Global
	GlobalSection(SolutionConfigurationPlatforms) = preSolution
		Debug|Any CPU = Debug|Any CPU
		Release|Any CPU = Release|Any CPU
	EndGlobalSection
	GlobalSection(ProjectConfigurationPlatforms) = postSolution
		{A81FE53F-A69E-0B74-E00D-A49BA7DA1B86}.Debug|Any CPU.ActiveCfg = Debug|Any CPU
		{A81FE53F-A69E-0B74-E00D-A49BA7DA1B86}.Debug|Any CPU.Build.0 = Debug|Any CPU
		{A81FE53F-A69E-0B74-E00D-A49BA7DA1B86}.Release|Any CPU.ActiveCfg = Release|Any CPU
		{A81FE53F-A69E-0B74-E00D-A49BA7DA1B86}.Release|Any CPU.Build.0 = Release|Any CPU
		{2D7C231C-68D7-72A4-485A-BCDB18F5413F}.Debug|Any CPU.ActiveCfg = Debug|Any CPU
		{2D7C231C-68D7-72A4-485A-BCDB18F5413F}.Debug|Any CPU.Build.0 = Debug|Any CPU
		{2D7C231C-68D7-72A4-485A-BCDB18F5413F}.Release|Any CPU.ActiveCfg = Release|Any CPU
		{2D7C231C-68D7-72A4-485A-BCDB18F5413F}.Release|Any CPU.Build.0 = Release|Any CPU
		{FBE7601E-0759-9619-10F3-84D87BFF08E5}.Debug|Any CPU.ActiveCfg = Debug|Any CPU
		{FBE7601E-0759-9619-10F3-84D87BFF08E5}.Debug|Any CPU.Build.0 = Debug|Any CPU
		{FBE7601E-0759-9619-10F3-84D87BFF08E5}.Release|Any CPU.ActiveCfg = Release|Any CPU
		{FBE7601E-0759-9619-10F3-84D87BFF08E5}.Release|Any CPU.Build.0 = Release|Any CPU
	EndGlobalSection
	GlobalSection(SolutionProperties) = preSolution
		HideSolutionNode = FALSE
	EndGlobalSection
	GlobalSection(ExtensibilityGlobals) = postSolution
		SolutionGuid = {0FF72E2C-71D4-4CF1-809B-1B98908086DA}
	EndGlobalSection
EndGlobal
